// !$*UTF8*$!
{
	archiveVersion = 1;
	classes = {
	};
	objectVersion = 46;
	objects = {

/* Begin PBXBuildFile section */
		E3B385701C0BF152006B5F29 /* main.m in Sources */ = {isa = PBXBuildFile; fileRef = E3B3856F1C0BF152006B5F29 /* main.m */; };
		E3B385731C0BF152006B5F29 /* AppDelegate.m in Sources */ = {isa = PBXBuildFile; fileRef = E3B385721C0BF152006B5F29 /* AppDelegate.m */; };
		E3B385761C0BF152006B5F29 /* ViewController.m in Sources */ = {isa = PBXBuildFile; fileRef = E3B385751C0BF152006B5F29 /* ViewController.m */; };
		E3B385791C0BF152006B5F29 /* Main.storyboard in Resources */ = {isa = PBXBuildFile; fileRef = E3B385771C0BF152006B5F29 /* Main.storyboard */; };
		E3B3857B1C0BF152006B5F29 /* Assets.xcassets in Resources */ = {isa = PBXBuildFile; fileRef = E3B3857A1C0BF152006B5F29 /* Assets.xcassets */; };
		E3B3857E1C0BF152006B5F29 /* LaunchScreen.storyboard in Resources */ = {isa = PBXBuildFile; fileRef = E3B3857C1C0BF152006B5F29 /* LaunchScreen.storyboard */; };
		E3B385871C0C015C006B5F29 /* AddToDoItemViewController.m in Sources */ = {isa = PBXBuildFile; fileRef = E3B385861C0C015C006B5F29 /* AddToDoItemViewController.m */; };
		E3B3858A1C0C0256006B5F29 /* ToDoListTableViewController.m in Sources */ = {isa = PBXBuildFile; fileRef = E3B385891C0C0256006B5F29 /* ToDoListTableViewController.m */; };
		E3BCB7D21C0D6573001C0026 /* ToDoItem.m in Sources */ = {isa = PBXBuildFile; fileRef = E3BCB7D11C0D6573001C0026 /* ToDoItem.m */; };
/* End PBXBuildFile section */

/* Begin PBXFileReference section */
		E3B3856B1C0BF152006B5F29 /* tut1.app */ = {isa = PBXFileReference; explicitFileType = wrapper.application; includeInIndex = 0; path = tut1.app; sourceTree = BUILT_PRODUCTS_DIR; };
		E3B3856F1C0BF152006B5F29 /* main.m */ = {isa = PBXFileReference; lastKnownFileType = sourcecode.c.objc; path = main.m; sourceTree = "<group>"; };
		E3B385711C0BF152006B5F29 /* AppDelegate.h */ = {isa = PBXFileReference; lastKnownFileType = sourcecode.c.h; path = AppDelegate.h; sourceTree = "<group>"; };
		E3B385721C0BF152006B5F29 /* AppDelegate.m */ = {isa = PBXFileReference; lastKnownFileType = sourcecode.c.objc; path = AppDelegate.m; sourceTree = "<group>"; };
		E3B385741C0BF152006B5F29 /* ViewController.h */ = {isa = PBXFileReference; lastKnownFileType = sourcecode.c.h; path = ViewController.h; sourceTree = "<group>"; };
		E3B385751C0BF152006B5F29 /* ViewController.m */ = {isa = PBXFileReference; lastKnownFileType = sourcecode.c.objc; path = ViewController.m; sourceTree = "<group>"; };
		E3B385781C0BF152006B5F29 /* Base */ = {isa = PBXFileReference; lastKnownFileType = file.storyboard; name = Base; path = Base.lproj/Main.storyboard; sourceTree = "<group>"; };
		E3B3857A1C0BF152006B5F29 /* Assets.xcassets */ = {isa = PBXFileReference; lastKnownFileType = folder.assetcatalog; path = Assets.xcassets; sourceTree = "<group>"; };
		E3B3857D1C0BF152006B5F29 /* Base */ = {isa = PBXFileReference; lastKnownFileType = file.storyboard; name = Base; path = Base.lproj/LaunchScreen.storyboard; sourceTree = "<group>"; };
		E3B3857F1C0BF152006B5F29 /* Info.plist */ = {isa = PBXFileReference; lastKnownFileType = text.plist.xml; path = Info.plist; sourceTree = "<group>"; };
		E3B385851C0C015C006B5F29 /* AddToDoItemViewController.h */ = {isa = PBXFileReference; fileEncoding = 4; lastKnownFileType = sourcecode.c.h; path = AddToDoItemViewController.h; sourceTree = "<group>"; };
		E3B385861C0C015C006B5F29 /* AddToDoItemViewController.m */ = {isa = PBXFileReference; fileEncoding = 4; lastKnownFileType = sourcecode.c.objc; path = AddToDoItemViewController.m; sourceTree = "<group>"; };
		E3B385881C0C0256006B5F29 /* ToDoListTableViewController.h */ = {isa = PBXFileReference; fileEncoding = 4; lastKnownFileType = sourcecode.c.h; path = ToDoListTableViewController.h; sourceTree = "<group>"; };
		E3B385891C0C0256006B5F29 /* ToDoListTableViewController.m */ = {isa = PBXFileReference; fileEncoding = 4; lastKnownFileType = sourcecode.c.objc; path = ToDoListTableViewController.m; sourceTree = "<group>"; };
		E3BCB7D01C0D6573001C0026 /* ToDoItem.h */ = {isa = PBXFileReference; fileEncoding = 4; lastKnownFileType = sourcecode.c.h; path = ToDoItem.h; sourceTree = "<group>"; };
		E3BCB7D11C0D6573001C0026 /* ToDoItem.m */ = {isa = PBXFileReference; fileEncoding = 4; lastKnownFileType = sourcecode.c.objc; path = ToDoItem.m; sourceTree = "<group>"; };
/* End PBXFileReference section */

/* Begin PBXFrameworksBuildPhase section */
		E3B385681C0BF151006B5F29 /* Frameworks */ = {
			isa = PBXFrameworksBuildPhase;
			buildActionMask = 2147483647;
			files = (
			);
			runOnlyForDeploymentPostprocessing = 0;
		};
/* End PBXFrameworksBuildPhase section */

/* Begin PBXGroup section */
		E3B385621C0BF151006B5F29 = {
			isa = PBXGroup;
			children = (
				E3B3856D1C0BF152006B5F29 /* tut1 */,
				E3B3856C1C0BF152006B5F29 /* Products */,
			);
			sourceTree = "<group>";
		};
		E3B3856C1C0BF152006B5F29 /* Products */ = {
			isa = PBXGroup;
			children = (
				E3B3856B1C0BF152006B5F29 /* tut1.app */,
			);
			name = Products;
			sourceTree = "<group>";
		};
		E3B3856D1C0BF152006B5F29 /* tut1 */ = {
			isa = PBXGroup;
			children = (
				E3B385711C0BF152006B5F29 /* AppDelegate.h */,
				E3B385721C0BF152006B5F29 /* AppDelegate.m */,
				E3B385741C0BF152006B5F29 /* ViewController.h */,
				E3B385751C0BF152006B5F29 /* ViewController.m */,
				E3BCB7D01C0D6573001C0026 /* ToDoItem.h */,
				E3BCB7D11C0D6573001C0026 /* ToDoItem.m */,
				E3B385851C0C015C006B5F29 /* AddToDoItemViewController.h */,
				E3B385861C0C015C006B5F29 /* AddToDoItemViewController.m */,
				E3B385771C0BF152006B5F29 /* Main.storyboard */,
				E3B385881C0C0256006B5F29 /* ToDoListTableViewController.h */,
				E3B385891C0C0256006B5F29 /* ToDoListTableViewController.m */,
				E3B3857A1C0BF152006B5F29 /* Assets.xcassets */,
				E3B3857C1C0BF152006B5F29 /* LaunchScreen.storyboard */,
				E3B3857F1C0BF152006B5F29 /* Info.plist */,
				E3B3856E1C0BF152006B5F29 /* Supporting Files */,
			);
			path = tut1;
			sourceTree = "<group>";
		};
		E3B3856E1C0BF152006B5F29 /* Supporting Files */ = {
			isa = PBXGroup;
			children = (
				E3B3856F1C0BF152006B5F29 /* main.m */,
			);
			name = "Supporting Files";
			sourceTree = "<group>";
		};
/* End PBXGroup section */

/* Begin PBXNativeTarget section */
		E3B3856A1C0BF151006B5F29 /* tut1 */ = {
			isa = PBXNativeTarget;
			buildConfigurationList = E3B385821C0BF152006B5F29 /* Build configuration list for PBXNativeTarget "tut1" */;
			buildPhases = (
				E3B385671C0BF151006B5F29 /* Sources */,
				E3B385681C0BF151006B5F29 /* Frameworks */,
				E3B385691C0BF151006B5F29 /* Resources */,
			);
			buildRules = (
			);
			dependencies = (
			);
			name = tut1;
			productName = tut1;
			productReference = E3B3856B1C0BF152006B5F29 /* tut1.app */;
			productType = "com.apple.product-type.application";
		};
/* End PBXNativeTarget section */

/* Begin PBXProject section */
		E3B385631C0BF151006B5F29 /* Project object */ = {
			isa = PBXProject;
			attributes = {
				LastUpgradeCheck = 0710;
				ORGANIZATIONNAME = "Scot Shinderman";
				TargetAttributes = {
					E3B3856A1C0BF151006B5F29 = {
						CreatedOnToolsVersion = 7.1;
						DevelopmentTeam = S358W6872P;
					};
				};
			};
			buildConfigurationList = E3B385661C0BF151006B5F29 /* Build configuration list for PBXProject "tut1" */;
			compatibilityVersion = "Xcode 3.2";
			developmentRegion = English;
			hasScannedForEncodings = 0;
			knownRegions = (
				en,
				Base,
			);
			mainGroup = E3B385621C0BF151006B5F29;
			productRefGroup = E3B3856C1C0BF152006B5F29 /* Products */;
			projectDirPath = "";
			projectRoot = "";
			targets = (
				E3B3856A1C0BF151006B5F29 /* tut1 */,
			);
		};
/* End PBXProject section */

/* Begin PBXResourcesBuildPhase section */
		E3B385691C0BF151006B5F29 /* Resources */ = {
			isa = PBXResourcesBuildPhase;
			buildActionMask = 2147483647;
			files = (
				E3B3857E1C0BF152006B5F29 /* LaunchScreen.storyboard in Resources */,
				E3B3857B1C0BF152006B5F29 /* Assets.xcassets in Resources */,
				E3B385791C0BF152006B5F29 /* Main.storyboard in Resources */,
			);
			runOnlyForDeploymentPostprocessing = 0;
		};
/* End PBXResourcesBuildPhase section */

/* Begin PBXSourcesBuildPhase section */
		E3B385671C0BF151006B5F29 /* Sources */ = {
			isa = PBXSourcesBuildPhase;
			buildActionMask = 2147483647;
			files = (
				E3BCB7D21C0D6573001C0026 /* ToDoItem.m in Sources */,
				E3B385761C0BF152006B5F29 /* ViewController.m in Sources */,
				E3B385731C0BF152006B5F29 /* AppDelegate.m in Sources */,
				E3B385701C0BF152006B5F29 /* main.m in Sources */,
				E3B3858A1C0C0256006B5F29 /* ToDoListTableViewController.m in Sources */,
				E3B385871C0C015C006B5F29 /* AddToDoItemViewController.m in Sources */,
			);
			runOnlyForDeploymentPostprocessing = 0;
		};
/* End PBXSourcesBuildPhase section */

/* Begin PBXVariantGroup section */
		E3B385771C0BF152006B5F29 /* Main.storyboard */ = {
			isa = PBXVariantGroup;
			children = (
				E3B385781C0BF152006B5F29 /* Base */,
			);
			name = Main.storyboard;
			sourceTree = "<group>";
		};
		E3B3857C1C0BF152006B5F29 /* LaunchScreen.storyboard */ = {
			isa = PBXVariantGroup;
			children = (
				E3B3857D1C0BF152006B5F29 /* Base */,
			);
			name = LaunchScreen.storyboard;
			sourceTree = "<group>";
		};
/* End PBXVariantGroup section */

/* Begin XCBuildConfiguration section */
		E3B385801C0BF152006B5F29 /* Debug */ = {
			isa = XCBuildConfiguration;
			buildSettings = {
				ALWAYS_SEARCH_USER_PATHS = NO;
				CLANG_CXX_LANGUAGE_STANDARD = "gnu++0x";
				CLANG_CXX_LIBRARY = "libc++";
				CLANG_ENABLE_MODULES = YES;
				CLANG_ENABLE_OBJC_ARC = YES;
				CLANG_WARN_BOOL_CONVERSION = YES;
				CLANG_WARN_CONSTANT_CONVERSION = YES;
				CLANG_WARN_DIRECT_OBJC_ISA_USAGE = YES_ERROR;
				CLANG_WARN_EMPTY_BODY = YES;
				CLANG_WARN_ENUM_CONVERSION = YES;
				CLANG_WARN_INT_CONVERSION = YES;
				CLANG_WARN_OBJC_ROOT_CLASS = YES_ERROR;
				CLANG_WARN_UNREACHABLE_CODE = YES;
				CLANG_WARN__DUPLICATE_METHOD_MATCH = YES;
				"CODE_SIGN_IDENTITY[sdk=iphoneos*]" = "iPhone Developer";
				COPY_PHASE_STRIP = NO;
				DEBUG_INFORMATION_FORMAT = dwarf;
				ENABLE_STRICT_OBJC_MSGSEND = YES;
				ENABLE_TESTABILITY = YES;
				GCC_C_LANGUAGE_STANDARD = gnu99;
				GCC_DYNAMIC_NO_PIC = NO;
				GCC_NO_COMMON_BLOCKS = YES;
				GCC_OPTIMIZATION_LEVEL = 0;
				GCC_PREPROCESSOR_DEFINITIONS = (
					"DEBUG=1",
					"$(inherited)",
				);
				GCC_WARN_64_TO_32_BIT_CONVERSION = YES;
				GCC_WARN_ABOUT_RETURN_TYPE = YES_ERROR;
				GCC_WARN_UNDECLARED_SELECTOR = YES;
				GCC_WARN_UNINITIALIZED_AUTOS = YES_AGGRESSIVE;
				GCC_WARN_UNUSED_FUNCTION = YES;
				GCC_WARN_UNUSED_VARIABLE = YES;
				IPHONEOS_DEPLOYMENT_TARGET = 9.1;
				MTL_ENABLE_DEBUG_INFO = YES;
				ONLY_ACTIVE_ARCH = YES;
				SDKROOT = iphoneos;
				TARGETED_DEVICE_FAMILY = "1,2";
			};
			name = Debug;
		};
		E3B385811C0BF152006B5F29 /* Release */ = {
			isa = XCBuildConfiguration;
			buildSettings = {
				ALWAYS_SEARCH_USER_PATHS = NO;
				CLANG_CXX_LANGUAGE_STANDARD = "gnu++0x";
				CLANG_CXX_LIBRARY = "libc++";
				CLANG_ENABLE_MODULES = YES;
				CLANG_ENABLE_OBJC_ARC = YES;
				CLANG_WARN_BOOL_CONVERSION = YES;
				CLANG_WARN_CONSTANT_CONVERSION = YES;
				CLANG_WARN_DIRECT_OBJC_ISA_USAGE = YES_ERROR;
				CLANG_WARN_EMPTY_BODY = YES;
				CLANG_WARN_ENUM_CONVERSION = YES;
				CLANG_WARN_INT_CONVERSION = YES;
				CLANG_WARN_OBJC_ROOT_CLASS = YES_ERROR;
				CLANG_WARN_UNREACHABLE_CODE = YES;
				CLANG_WARN__DUPLICATE_METHOD_MATCH = YES;
				"CODE_SIGN_IDENTITY[sdk=iphoneos*]" = "iPhone Developer";
				COPY_PHASE_STRIP = NO;
				DEBUG_INFORMATION_FORMAT = "dwarf-with-dsym";
				ENABLE_NS_ASSERTIONS = NO;
				ENABLE_STRICT_OBJC_MSGSEND = YES;
				GCC_C_LANGUAGE_STANDARD = gnu99;
				GCC_NO_COMMON_BLOCKS = YES;
				GCC_WARN_64_TO_32_BIT_CONVERSION = YES;
				GCC_WARN_ABOUT_RETURN_TYPE = YES_ERROR;
				GCC_WARN_UNDECLARED_SELECTOR = YES;
				GCC_WARN_UNINITIALIZED_AUTOS = YES_AGGRESSIVE;
				GCC_WARN_UNUSED_FUNCTION = YES;
				GCC_WARN_UNUSED_VARIABLE = YES;
				IPHONEOS_DEPLOYMENT_TARGET = 9.1;
				MTL_ENABLE_DEBUG_INFO = NO;
				SDKROOT = iphoneos;
				TARGETED_DEVICE_FAMILY = "1,2";
				VALIDATE_PRODUCT = YES;
			};
			name = Release;
		};
		E3B385831C0BF152006B5F29 /* Debug */ = {
			isa = XCBuildConfiguration;
			buildSettings = {
				ASSETCATALOG_COMPILER_APPICON_NAME = AppIcon;
				INFOPLIST_FILE = tut1/Info.plist;
				LD_RUNPATH_SEARCH_PATHS = "$(inherited) @executable_path/Frameworks";
				PRODUCT_BUNDLE_IDENTIFIER = blech.tut1;
				PRODUCT_NAME = "$(TARGET_NAME)";
			};
			name = Debug;
		};
		E3B385841C0BF152006B5F29 /* Release */ = {
			isa = XCBuildConfiguration;
			buildSettings = {
				ASSETCATALOG_COMPILER_APPICON_NAME = AppIcon;
				INFOPLIST_FILE = tut1/Info.plist;
				LD_RUNPATH_SEARCH_PATHS = "$(inherited) @executable_path/Frameworks";
				PRODUCT_BUNDLE_IDENTIFIER = blech.tut1;
				PRODUCT_NAME = "$(TARGET_NAME)";
			};
			name = Release;
		};
/* End XCBuildConfiguration section */

/* Begin XCConfigurationList section */
		E3B385661C0BF151006B5F29 /* Build configuration list for PBXProject "tut1" */ = {
			isa = XCConfigurationList;
			buildConfigurations = (
				E3B385801C0BF152006B5F29 /* Debug */,
				E3B385811C0BF152006B5F29 /* Release */,
			);
			defaultConfigurationIsVisible = 0;
			defaultConfigurationName = Release;
		};
		E3B385821C0BF152006B5F29 /* Build configuration list for PBXNativeTarget "tut1" */ = {
			isa = XCConfigurationList;
			buildConfigurations = (
				E3B385831C0BF152006B5F29 /* Debug */,
				E3B385841C0BF152006B5F29 /* Release */,
			);
			defaultConfigurationIsVisible = 0;
			defaultConfigurationName = Release;
		};
/* End XCConfigurationList section */
	};
	rootObject = E3B385631C0BF151006B5F29 /* Project object */;
}
